
Microsoft Visual Studio Solution File, Format Version 12.00
# Visual Studio Version 17
VisualStudioVersion = 17.7.34024.191
MinimumVisualStudioVersion = 10.0.40219.1
Project("{FAE04EC0-301F-11D3-BF4B-00C04F79EFBC}") = "gh3", "gh3\gh3.csproj", "{8176BDFB-BB18-4923-9CED-F95A3BDF5409}"
EndProject
Global
	GlobalSection(SolutionConfigurationPlatforms) = preSolution
		Debug|Any CPU = Debug|Any CPU
		Release|Any CPU = Release|Any CPU
	EndGlobalSection
	GlobalSection(ProjectConfigurationPlatforms) = postSolution
		{8176BDFB-BB18-4923-9CED-F95A3BDF5409}.Debug|Any CPU.ActiveCfg = Debug|Any CPU
		{8176BDFB-BB18-4923-9CED-F95A3BDF5409}.Debug|Any CPU.Build.0 = Debug|Any CPU
		{8176BDFB-BB18-4923-9CED-F95A3BDF5409}.Release|Any CPU.ActiveCfg = Release|Any CPU
		{8176BDFB-BB18-4923-9CED-F95A3BDF5409}.Release|Any CPU.Build.0 = Release|Any CPU
	EndGlobalSection
	GlobalSection(SolutionProperties) = preSolution
		HideSolutionNode = FALSE
	EndGlobalSection
	GlobalSection(ExtensibilityGlobals) = postSolution
		SolutionGuid = {B75F39F4-728C-4457-AFBD-599F3E5C3007}
	EndGlobalSection
EndGlobal
